<?xml version="1.0" encoding="utf-8"?>
<Project ToolsVersion="4.0" xmlns="http://schemas.microsoft.com/developer/msbuild/2003">
  <ItemGroup>
    <Filter Include="源文件">
      <UniqueIdentifier>{4FC737F1-C7A5-4376-A066-2A32D752A2FF}</UniqueIdentifier>
      <Extensions>cpp;c;cc;cxx;def;odl;idl;hpj;bat;asm;asmx</Extensions>
    </Filter>
    <Filter Include="头文件">
      <UniqueIdentifier>{93995380-89BD-4b04-88EB-625FBE52EBFB}</UniqueIdentifier>
      <Extensions>h;hpp;hxx;hm;inl;inc;xsd</Extensions>
    </Filter>
    <Filter Include="资源文件">
      <UniqueIdentifier>{67DA6AB6-F800-4c08-8B7A-83BB121AAD01}</UniqueIdentifier>
      <Extensions>rc;ico;cur;bmp;dlg;rc2;rct;bin;rgs;gif;jpg;jpeg;jpe;resx;tiff;tif;png;wav</Extensions>
    </Filter>
    <Filter Include="ServerData">
      <UniqueIdentifier>{913de128-cbda-4ce2-9716-099610d60508}</UniqueIdentifier>
    </Filter>
    <Filter Include="ConfigData">
      <UniqueIdentifier>{aa905f56-049e-445f-a450-395241343af6}</UniqueIdentifier>
    </Filter>
    <Filter Include="Proto">
      <UniqueIdentifier>{624aba6b-aa13-4379-8e5d-dd4bee847a7e}</UniqueIdentifier>
    </Filter>
  </ItemGroup>
  <ItemGroup>
    <ClCompile Include="GameService.cpp">
      <Filter>源文件</Filter>
    </ClCompile>
    <ClCompile Include="GameSvrMgr.cpp">
      <Filter>源文件</Filter>
    </ClCompile>
    <ClCompile Include="PlayerObject.cpp">
      <Filter>源文件</Filter>
    </ClCompile>
    <ClCompile Include="stdafx.cpp">
      <Filter>源文件</Filter>
    </ClCompile>
    <ClCompile Include="WorldServer.cpp">
      <Filter>源文件</Filter>
    </ClCompile>
    <ClCompile Include="PlayerManager.cpp">
      <Filter>源文件</Filter>
    </ClCompile>
    <ClCompile Include="WorldMsgHandler.cpp">
      <Filter>源文件</Filter>
    </ClCompile>
    <ClCompile Include="EquipModule.cpp">
      <Filter>源文件</Filter>
    </ClCompile>
    <ClCompile Include="BagModule.cpp">
      <Filter>源文件</Filter>
    </ClCompile>
    <ClCompile Include="ModuleBase.cpp">
      <Filter>源文件</Filter>
    </ClCompile>
    <ClCompile Include="RoleModule.cpp">
      <Filter>源文件</Filter>
    </ClCompile>
    <ClCompile Include="DataPool.cpp">
      <Filter>源文件</Filter>
    </ClCompile>
    <ClCompile Include="SimpleMananger.cpp">
      <Filter>源文件</Filter>
    </ClCompile>
    <ClCompile Include="..\..\Common\Sqlite\CppSQLite3.cpp">
      <Filter>源文件</Filter>
    </ClCompile>
    <ClCompile Include="CopyModule.cpp">
      <Filter>源文件</Filter>
    </ClCompile>
    <ClCompile Include="..\ConfigData\ConfigData.cpp">
      <Filter>ConfigData</Filter>
    </ClCompile>
    <ClCompile Include="PetModule.cpp">
      <Filter>源文件</Filter>
    </ClCompile>
    <ClCompile Include="..\Message\Msg_RetCode.pb.cc">
      <Filter>Proto</Filter>
    </ClCompile>
    <ClCompile Include="GlobalDataMgr.cpp">
      <Filter>源文件</Filter>
    </ClCompile>
    <ClCompile Include="PartnerModule.cpp">
      <Filter>源文件</Filter>
    </ClCompile>
    <ClCompile Include="..\Message\Msg_Copy.pb.cc">
      <Filter>Proto</Filter>
    </ClCompile>
    <ClCompile Include="..\Message\Msg_LoginDBData.pb.cc">
      <Filter>Proto</Filter>
    </ClCompile>
    <ClCompile Include="..\Message\Msg_Game.pb.cc">
      <Filter>Proto</Filter>
    </ClCompile>
    <ClCompile Include="..\Message\Msg_LoginCltData.pb.cc">
      <Filter>Proto</Filter>
    </ClCompile>
    <ClCompile Include="RankMananger.cpp">
      <Filter>源文件</Filter>
    </ClCompile>
    <ClCompile Include="TaskModule.cpp">
      <Filter>源文件</Filter>
    </ClCompile>
    <ClCompile Include="GuildMananger.cpp">
      <Filter>源文件</Filter>
    </ClCompile>
    <ClCompile Include="Guild.cpp">
      <Filter>源文件</Filter>
    </ClCompile>
    <ClCompile Include="ActivityModule.cpp">
      <Filter>源文件</Filter>
    </ClCompile>
  </ItemGroup>
  <ItemGroup>
    <ClInclude Include="GameService.h">
      <Filter>头文件</Filter>
    </ClInclude>
    <ClInclude Include="GameSvrMgr.h">
      <Filter>头文件</Filter>
    </ClInclude>
    <ClInclude Include="PlayerObject.h">
      <Filter>头文件</Filter>
    </ClInclude>
    <ClInclude Include="stdafx.h">
      <Filter>头文件</Filter>
    </ClInclude>
    <ClInclude Include="PlayerManager.h">
      <Filter>头文件</Filter>
    </ClInclude>
    <ClInclude Include="WorldMsgHandler.h">
      <Filter>头文件</Filter>
    </ClInclude>
    <ClInclude Include="..\Message\Msg_Login.pb.h">
      <Filter>头文件</Filter>
    </ClInclude>
    <ClInclude Include="BagModule.h">
      <Filter>头文件</Filter>
    </ClInclude>
    <ClInclude Include="EquipModule.h">
      <Filter>头文件</Filter>
    </ClInclude>
    <ClInclude Include="ModuleBase.h">
      <Filter>头文件</Filter>
    </ClInclude>
    <ClInclude Include="RoleModule.h">
      <Filter>头文件</Filter>
    </ClInclude>
    <ClInclude Include="DataPool.h">
      <Filter>头文件</Filter>
    </ClInclude>
    <ClInclude Include="..\ServerData\serverStruct.h">
      <Filter>ServerData</Filter>
    </ClInclude>
    <ClInclude Include="..\ServerData\RoleData.h">
      <Filter>ServerData</Filter>
    </ClInclude>
    <ClInclude Include="SimpleMananger.h">
      <Filter>头文件</Filter>
    </ClInclude>
    <ClInclude Include="..\..\Common\Sqlite\CppSQLite3.h">
      <Filter>头文件</Filter>
    </ClInclude>
    <ClInclude Include="CopyModule.h">
      <Filter>头文件</Filter>
    </ClInclude>
    <ClInclude Include="..\ConfigData\ConfigData.h">
      <Filter>ConfigData</Filter>
    </ClInclude>
    <ClInclude Include="..\ConfigData\ConfigStruct.h">
      <Filter>ConfigData</Filter>
    </ClInclude>
    <ClInclude Include="..\ServerData\ServerDefine.h">
      <Filter>ServerData</Filter>
    </ClInclude>
    <ClInclude Include="..\ServerData\BagData.h">
      <Filter>ServerData</Filter>
    </ClInclude>
    <ClInclude Include="..\ServerData\CopyData.h">
      <Filter>ServerData</Filter>
    </ClInclude>
    <ClInclude Include="..\ServerData\PetData.h">
      <Filter>ServerData</Filter>
    </ClInclude>
    <ClInclude Include="PetModule.h">
      <Filter>头文件</Filter>
    </ClInclude>
    <ClInclude Include="..\Message\Msg_RetCode.pb.h">
      <Filter>Proto</Filter>
    </ClInclude>
    <ClInclude Include="GlobalDataMgr.h">
      <Filter>头文件</Filter>
    </ClInclude>
    <ClInclude Include="..\ServerData\GlobalData.h">
      <Filter>ServerData</Filter>
    </ClInclude>
    <ClInclude Include="..\ServerData\EquipData.h">
      <Filter>ServerData</Filter>
    </ClInclude>
    <ClInclude Include="PartnerModule.h">
      <Filter>头文件</Filter>
    </ClInclude>
    <ClInclude Include="..\ServerData\PartnerData.h">
      <Filter>ServerData</Filter>
    </ClInclude>
    <ClInclude Include="..\Message\Msg_Copy.pb.h">
      <Filter>Proto</Filter>
    </ClInclude>
    <ClInclude Include="..\Message\Msg_Game.pb.h">
      <Filter>Proto</Filter>
    </ClInclude>
    <ClInclude Include="..\Message\Msg_LoginCltData.pb.h">
      <Filter>Proto</Filter>
    </ClInclude>
    <ClInclude Include="..\Message\Msg_LoginDBData.pb.h">
      <Filter>Proto</Filter>
    </ClInclude>
    <ClInclude Include="RankMananger.h">
      <Filter>头文件</Filter>
    </ClInclude>
    <ClInclude Include="TaskModule.h">
      <Filter>头文件</Filter>
    </ClInclude>
    <ClInclude Include="..\ServerData\TaskData.h">
      <Filter>头文件</Filter>
    </ClInclude>
    <ClInclude Include="GuildMananger.h">
      <Filter>头文件</Filter>
    </ClInclude>
    <ClInclude Include="..\ServerData\GuildData.h">
      <Filter>ServerData</Filter>
    </ClInclude>
    <ClInclude Include="Guild.h">
      <Filter>头文件</Filter>
    </ClInclude>
    <ClInclude Include="ActivityModule.h">
      <Filter>头文件</Filter>
    </ClInclude>
  </ItemGroup>
  <ItemGroup>
    <None Include="ReadMe.txt" />
  </ItemGroup>
</Project>