
Microsoft Visual Studio Solution File, Format Version 10.00
# Visual Studio 2008
Project("{FAE04EC0-301F-11D3-BF4B-00C04F79EFBC}") = "TestCSharp", "TestCSharp\TestCSharp.csproj", "{AEF73A53-5062-4FFF-B052-1E85A5F12BAA}"
EndProject
Global
	GlobalSection(SolutionConfigurationPlatforms) = preSolution
		Debug|Any CPU = Debug|Any CPU
		Release|Any CPU = Release|Any CPU
	EndGlobalSection
	GlobalSection(ProjectConfigurationPlatforms) = postSolution
		{AEF73A53-5062-4FFF-B052-1E85A5F12BAA}.Debug|Any CPU.ActiveCfg = Debug|Any CPU
		{AEF73A53-5062-4FFF-B052-1E85A5F12BAA}.Debug|Any CPU.Build.0 = Debug|Any CPU
		{AEF73A53-5062-4FFF-B052-1E85A5F12BAA}.Release|Any CPU.ActiveCfg = Release|Any CPU
		{AEF73A53-5062-4FFF-B052-1E85A5F12BAA}.Release|Any CPU.Build.0 = Release|Any CPU
	EndGlobalSection
	GlobalSection(SolutionProperties) = preSolution
		HideSolutionNode = FALSE
	EndGlobalSection
EndGlobal
