
Microsoft Visual Studio Solution File, Format Version 12.00
# Visual Studio 15
VisualStudioVersion = 15.0.26430.16
MinimumVisualStudioVersion = 10.0.40219.1
Project("{8BC9CEB8-8B4A-11D0-8D11-00A0C91BC942}") = "ServerEngine", "ServerEngine\ServerEngine.vcxproj", "{639FA6BE-9921-4385-9210-BD6CAC868D58}"
EndProject
Project("{8BC9CEB8-8B4A-11D0-8D11-00A0C91BC942}") = "GameServer", "GameServer\GameServer.vcxproj", "{E3CDD8B0-B811-476B-91FF-44911DB7A3B6}"
EndProject
Project("{8BC9CEB8-8B4A-11D0-8D11-00A0C91BC942}") = "ProxyServer", "ProxyServer\ProxyServer.vcxproj", "{95964317-9DD8-439B-A03A-DBBF2AE6E5BD}"
EndProject
Project("{8BC9CEB8-8B4A-11D0-8D11-00A0C91BC942}") = "LoginServer", "LoginServer\LoginServer.vcxproj", "{95964317-9DD8-439B-A03A-DBBF2AE6E51D}"
EndProject
Project("{8BC9CEB8-8B4A-11D0-8D11-00A0C91BC942}") = "DBServer", "DBServer\DBServer.vcxproj", "{95964317-9DD8-439B-A03A-DBBF2AE6E53D}"
EndProject
Project("{8BC9CEB8-8B4A-11D0-8D11-00A0C91BC942}") = "LogServer", "LogServer\LogServer.vcxproj", "{1F76D2BD-B853-4797-AFE5-58C380269602}"
EndProject
Project("{8BC9CEB8-8B4A-11D0-8D11-00A0C91BC942}") = "AccountServer", "AccountServer\AccountServer.vcxproj", "{EF6DEC31-F0BA-4831-92BC-AF3A714D5696}"
EndProject
Project("{2150E333-8FDC-42A3-9474-1A3956D46DE8}") = "Solution Items", "Solution Items", "{05FD3EE4-A29B-4738-B6D9-48F0AC336203}"
EndProject
Project("{8BC9CEB8-8B4A-11D0-8D11-00A0C91BC942}") = "LogicServer", "LogicServer\LogicServer.vcxproj", "{1EB19A2A-049A-45AD-A592-E94703018D85}"
EndProject
Project("{8BC9CEB8-8B4A-11D0-8D11-00A0C91BC942}") = "CenterServer", "CenterServer\CenterServer.vcxproj", "{8F862C32-4904-4B3A-ADB5-852DD8D8BDB8}"
EndProject
Project("{8BC9CEB8-8B4A-11D0-8D11-00A0C91BC942}") = "WatchServer", "WatchServer\WatchServer.vcxproj", "{398AED55-152C-4102-BA05-511AEC1AA780}"
EndProject
Project("{8BC9CEB8-8B4A-11D0-8D11-00A0C91BC942}") = "ServerEngine_libuv", "ServerEngine_libuv\ServerEngine_libuv.vcxproj", "{73ED3DBA-7E01-4531-B4A6-C5CFA66EFEC1}"
EndProject
Project("{8BC9CEB8-8B4A-11D0-8D11-00A0C91BC942}") = "ServerEngine_asio", "ServerEngine_asio\ServerEngine_asio.vcxproj", "{4D748B17-0220-45C8-9A08-3B3617ED0788}"
EndProject
Global
	GlobalSection(SolutionConfigurationPlatforms) = preSolution
		Debug|x64 = Debug|x64
		Release|x64 = Release|x64
	EndGlobalSection
	GlobalSection(ProjectConfigurationPlatforms) = postSolution
		{639FA6BE-9921-4385-9210-BD6CAC868D58}.Debug|x64.ActiveCfg = Debug|x64
		{639FA6BE-9921-4385-9210-BD6CAC868D58}.Debug|x64.Build.0 = Debug|x64
		{639FA6BE-9921-4385-9210-BD6CAC868D58}.Release|x64.ActiveCfg = Release|x64
		{639FA6BE-9921-4385-9210-BD6CAC868D58}.Release|x64.Build.0 = Release|x64
		{E3CDD8B0-B811-476B-91FF-44911DB7A3B6}.Debug|x64.ActiveCfg = Debug|x64
		{E3CDD8B0-B811-476B-91FF-44911DB7A3B6}.Debug|x64.Build.0 = Debug|x64
		{E3CDD8B0-B811-476B-91FF-44911DB7A3B6}.Release|x64.ActiveCfg = Release|x64
		{E3CDD8B0-B811-476B-91FF-44911DB7A3B6}.Release|x64.Build.0 = Release|x64
		{95964317-9DD8-439B-A03A-DBBF2AE6E5BD}.Debug|x64.ActiveCfg = Debug|x64
		{95964317-9DD8-439B-A03A-DBBF2AE6E5BD}.Debug|x64.Build.0 = Debug|x64
		{95964317-9DD8-439B-A03A-DBBF2AE6E5BD}.Release|x64.ActiveCfg = Release|x64
		{95964317-9DD8-439B-A03A-DBBF2AE6E5BD}.Release|x64.Build.0 = Release|x64
		{95964317-9DD8-439B-A03A-DBBF2AE6E51D}.Debug|x64.ActiveCfg = Debug|x64
		{95964317-9DD8-439B-A03A-DBBF2AE6E51D}.Debug|x64.Build.0 = Debug|x64
		{95964317-9DD8-439B-A03A-DBBF2AE6E51D}.Release|x64.ActiveCfg = Release|x64
		{95964317-9DD8-439B-A03A-DBBF2AE6E51D}.Release|x64.Build.0 = Release|x64
		{95964317-9DD8-439B-A03A-DBBF2AE6E53D}.Debug|x64.ActiveCfg = Debug|x64
		{95964317-9DD8-439B-A03A-DBBF2AE6E53D}.Debug|x64.Build.0 = Debug|x64
		{95964317-9DD8-439B-A03A-DBBF2AE6E53D}.Release|x64.ActiveCfg = Release|x64
		{95964317-9DD8-439B-A03A-DBBF2AE6E53D}.Release|x64.Build.0 = Release|x64
		{1F76D2BD-B853-4797-AFE5-58C380269602}.Debug|x64.ActiveCfg = Debug|x64
		{1F76D2BD-B853-4797-AFE5-58C380269602}.Debug|x64.Build.0 = Debug|x64
		{1F76D2BD-B853-4797-AFE5-58C380269602}.Release|x64.ActiveCfg = Release|x64
		{1F76D2BD-B853-4797-AFE5-58C380269602}.Release|x64.Build.0 = Release|x64
		{EF6DEC31-F0BA-4831-92BC-AF3A714D5696}.Debug|x64.ActiveCfg = Debug|x64
		{EF6DEC31-F0BA-4831-92BC-AF3A714D5696}.Debug|x64.Build.0 = Debug|x64
		{EF6DEC31-F0BA-4831-92BC-AF3A714D5696}.Release|x64.ActiveCfg = Release|x64
		{EF6DEC31-F0BA-4831-92BC-AF3A714D5696}.Release|x64.Build.0 = Release|x64
		{1EB19A2A-049A-45AD-A592-E94703018D85}.Debug|x64.ActiveCfg = Debug|x64
		{1EB19A2A-049A-45AD-A592-E94703018D85}.Debug|x64.Build.0 = Debug|x64
		{1EB19A2A-049A-45AD-A592-E94703018D85}.Release|x64.ActiveCfg = Release|x64
		{1EB19A2A-049A-45AD-A592-E94703018D85}.Release|x64.Build.0 = Release|x64
		{8F862C32-4904-4B3A-ADB5-852DD8D8BDB8}.Debug|x64.ActiveCfg = Debug|x64
		{8F862C32-4904-4B3A-ADB5-852DD8D8BDB8}.Debug|x64.Build.0 = Debug|x64
		{8F862C32-4904-4B3A-ADB5-852DD8D8BDB8}.Release|x64.ActiveCfg = Release|x64
		{8F862C32-4904-4B3A-ADB5-852DD8D8BDB8}.Release|x64.Build.0 = Release|x64
		{398AED55-152C-4102-BA05-511AEC1AA780}.Debug|x64.ActiveCfg = Debug|x64
		{398AED55-152C-4102-BA05-511AEC1AA780}.Debug|x64.Build.0 = Debug|x64
		{398AED55-152C-4102-BA05-511AEC1AA780}.Release|x64.ActiveCfg = Release|x64
		{398AED55-152C-4102-BA05-511AEC1AA780}.Release|x64.Build.0 = Release|x64
		{73ED3DBA-7E01-4531-B4A6-C5CFA66EFEC1}.Debug|x64.ActiveCfg = Debug|x64
		{73ED3DBA-7E01-4531-B4A6-C5CFA66EFEC1}.Release|x64.ActiveCfg = Release|x64
		{4D748B17-0220-45C8-9A08-3B3617ED0788}.Debug|x64.ActiveCfg = Debug|x64
		{4D748B17-0220-45C8-9A08-3B3617ED0788}.Release|x64.ActiveCfg = Release|x64
	EndGlobalSection
	GlobalSection(SolutionProperties) = preSolution
		HideSolutionNode = FALSE
	EndGlobalSection
EndGlobal
