<?xml version="1.0" encoding="utf-8"?>
<Project ToolsVersion="4.0" xmlns="http://schemas.microsoft.com/developer/msbuild/2003">
  <ItemGroup>
    <Filter Include="源文件">
      <UniqueIdentifier>{4FC737F1-C7A5-4376-A066-2A32D752A2FF}</UniqueIdentifier>
      <Extensions>cpp;c;cc;cxx;def;odl;idl;hpj;bat;asm;asmx</Extensions>
    </Filter>
    <Filter Include="头文件">
      <UniqueIdentifier>{93995380-89BD-4b04-88EB-625FBE52EBFB}</UniqueIdentifier>
      <Extensions>h;hpp;hxx;hm;inl;inc;xsd</Extensions>
    </Filter>
    <Filter Include="资源文件">
      <UniqueIdentifier>{67DA6AB6-F800-4c08-8B7A-83BB121AAD01}</UniqueIdentifier>
      <Extensions>rc;ico;cur;bmp;dlg;rc2;rct;bin;rgs;gif;jpg;jpeg;jpe;resx;tiff;tif;png;wav</Extensions>
    </Filter>
    <Filter Include="Common">
      <UniqueIdentifier>{0306eb90-1968-4f39-96e8-03b87abf5c9f}</UniqueIdentifier>
    </Filter>
    <Filter Include="Proto">
      <UniqueIdentifier>{9fb3d47f-b7d3-48eb-97e6-849c9c642965}</UniqueIdentifier>
    </Filter>
    <Filter Include="behaviac">
      <UniqueIdentifier>{83def337-96f4-46fe-bf62-64244da513f6}</UniqueIdentifier>
    </Filter>
    <Filter Include="Connector">
      <UniqueIdentifier>{d74ee11c-9eb4-4825-8a80-13c59b986a7d}</UniqueIdentifier>
    </Filter>
  </ItemGroup>
  <ItemGroup>
    <ClCompile Include="SmartClient.cpp">
      <Filter>源文件</Filter>
    </ClCompile>
    <ClCompile Include="stdafx.cpp">
      <Filter>源文件</Filter>
    </ClCompile>
    <ClCompile Include="..\..\..\Src\Message\Game_Define.pb.cc">
      <Filter>Proto</Filter>
    </ClCompile>
    <ClCompile Include="..\..\..\Src\Message\Msg_ID.pb.cc">
      <Filter>Proto</Filter>
    </ClCompile>
    <ClCompile Include="..\..\..\Src\Message\Msg_Move.pb.cc">
      <Filter>Proto</Filter>
    </ClCompile>
    <ClCompile Include="..\..\..\Src\Message\Msg_RetCode.pb.cc">
      <Filter>Proto</Filter>
    </ClCompile>
    <ClCompile Include="..\..\..\Src\Message\Msg_Copy.pb.cc">
      <Filter>Proto</Filter>
    </ClCompile>
    <ClCompile Include="..\..\..\Src\Message\Msg_Game.pb.cc">
      <Filter>Proto</Filter>
    </ClCompile>
    <ClCompile Include="..\..\..\Src\Message\Msg_LoginCltData.pb.cc">
      <Filter>Proto</Filter>
    </ClCompile>
    <ClCompile Include="ClientObject.cpp">
      <Filter>源文件</Filter>
    </ClCompile>
    <ClCompile Include="exported\behaviac_generated\types\internal\behaviac_agent_meta.cpp">
      <Filter>behaviac</Filter>
    </ClCompile>
    <ClCompile Include="..\..\Connector\ClientConnector.cpp">
      <Filter>Connector</Filter>
    </ClCompile>
    <ClCompile Include="..\..\..\Src\ServerEngine\CommonConvert.cpp">
      <Filter>Common</Filter>
    </ClCompile>
    <ClCompile Include="..\..\..\Src\ServerEngine\CommonFunc.cpp">
      <Filter>Common</Filter>
    </ClCompile>
    <ClCompile Include="..\..\..\Src\ServerEngine\CommonSocket.cpp">
      <Filter>Common</Filter>
    </ClCompile>
  </ItemGroup>
  <ItemGroup>
    <ClInclude Include="stdafx.h">
      <Filter>头文件</Filter>
    </ClInclude>
    <ClInclude Include="targetver.h">
      <Filter>头文件</Filter>
    </ClInclude>
    <ClInclude Include="..\..\..\Src\Message\Msg_Copy.pb.h">
      <Filter>Proto</Filter>
    </ClInclude>
    <ClInclude Include="..\..\..\Src\Message\Msg_Game.pb.h">
      <Filter>Proto</Filter>
    </ClInclude>
    <ClInclude Include="..\..\..\Src\Message\Msg_LoginCltData.pb.h">
      <Filter>Proto</Filter>
    </ClInclude>
    <ClInclude Include="ClientObject.h">
      <Filter>头文件</Filter>
    </ClInclude>
    <ClInclude Include="exported\behaviac_generated\types\internal\behaviac_agent_headers.h">
      <Filter>behaviac</Filter>
    </ClInclude>
    <ClInclude Include="exported\behaviac_generated\types\internal\behaviac_agent_member_visitor.h">
      <Filter>behaviac</Filter>
    </ClInclude>
    <ClInclude Include="exported\behaviac_generated\types\internal\behaviac_agent_meta.h">
      <Filter>behaviac</Filter>
    </ClInclude>
    <ClInclude Include="exported\behaviac_generated\types\internal\behaviac_headers.h">
      <Filter>behaviac</Filter>
    </ClInclude>
    <ClInclude Include="..\..\Connector\ClientConnector.h">
      <Filter>Connector</Filter>
    </ClInclude>
    <ClInclude Include="..\..\..\Src\ServerEngine\CommonConvert.h">
      <Filter>Common</Filter>
    </ClInclude>
    <ClInclude Include="..\..\..\Src\ServerEngine\CommonFunc.h">
      <Filter>Common</Filter>
    </ClInclude>
    <ClInclude Include="..\..\..\Src\ServerEngine\CommonSocket.h">
      <Filter>Common</Filter>
    </ClInclude>
    <ClInclude Include="..\..\..\Src\ServerEngine\XMath.h">
      <Filter>Common</Filter>
    </ClInclude>
  </ItemGroup>
  <ItemGroup>
    <None Include="ReadMe.txt" />
  </ItemGroup>
</Project>